schema: '2.0'
stages:
  data_collection:
    cmd: python src/data/data_collection.py
    deps:
    - path: src/data/data_collection.py
      hash: md5
      md5: 868412e8fdc7f0e5c6a5f0742522f670
      size: 2663
    params:
      params.yaml:
        data_collection.test_size: 0.3
    outs:
    - path: data/raw
      hash: md5
      md5: 97825bb768b4b66d70c59daed663063a.dir
      size: 522262
      nfiles: 2
  pre_processing:
    cmd: python src/data/data_prep.py
    deps:
    - path: data/raw
      hash: md5
      md5: 97825bb768b4b66d70c59daed663063a.dir
      size: 522262
      nfiles: 2
    - path: src/data/data_prep.py
      hash: md5
      md5: dad15e51924eac0550a2ffbe5bc86e30
      size: 2394
    outs:
    - path: data/processed
      hash: md5
      md5: 398084803e31f07afdeb66101f5be708.dir
      size: 546215
      nfiles: 2
  model_building:
    cmd: python src/model/model_building.py
    deps:
    - path: data/processed
      hash: md5
      md5: 398084803e31f07afdeb66101f5be708.dir
      size: 546215
      nfiles: 2
    - path: src/model/model_building.py
      hash: md5
      md5: 74bfdf214346beeadbbfce31b48ead09
      size: 2568
    params:
      params.yaml:
        model_building.n_estimators: 300
    outs:
    - path: models/model.pkl
      hash: md5
      md5: 367cd6c208f586145b754eb16d44b5ac
      size: 19520158
  model_eval:
    cmd: python src/model/model_eval.py
    deps:
    - path: models/model.pkl
      hash: md5
      md5: 367cd6c208f586145b754eb16d44b5ac
      size: 19520158
    - path: src/model/model_eval.py
      hash: md5
      md5: bda3697c5f6608e8ea044143bfdc0470
      size: 3667
    outs:
    - path: reports/metrics.json
      hash: md5
      md5: d02e51e5bb26b75477276c97915adc91
      size: 149
